
Microsoft Visual Studio Solution File, Format Version 12.00
# Visual Studio Version 17
VisualStudioVersion = 17.5.002.0
MinimumVisualStudioVersion = 10.0.40219.1
Project("{9A19103F-16F7-4668-BE54-9A1E7A4F7556}") = "PassTask13", "PassTask13.csproj", "{F63DA140-89FD-424A-9F64-35F0F7ED8DE5}"
EndProject
Global
	GlobalSection(SolutionConfigurationPlatforms) = preSolution
		Debug|Any CPU = Debug|Any CPU
		Release|Any CPU = Release|Any CPU
	EndGlobalSection
	GlobalSection(ProjectConfigurationPlatforms) = postSolution
		{F63DA140-89FD-424A-9F64-35F0F7ED8DE5}.Debug|Any CPU.ActiveCfg = Debug|Any CPU
		{F63DA140-89FD-424A-9F64-35F0F7ED8DE5}.Debug|Any CPU.Build.0 = Debug|Any CPU
		{F63DA140-89FD-424A-9F64-35F0F7ED8DE5}.Release|Any CPU.ActiveCfg = Release|Any CPU
		{F63DA140-89FD-424A-9F64-35F0F7ED8DE5}.Release|Any CPU.Build.0 = Release|Any CPU
	EndGlobalSection
	GlobalSection(SolutionProperties) = preSolution
		HideSolutionNode = FALSE
	EndGlobalSection
	GlobalSection(ExtensibilityGlobals) = postSolution
		SolutionGuid = {AC9E5E62-F7CC-482F-83D4-14DF6DF48427}
	EndGlobalSection
EndGlobal
